
Microsoft Visual Studio Solution File, Format Version 11.00
# Visual Studio 2010
Project("{FAE04EC0-301F-11D3-BF4B-00C04F79EFBC}") = "MK64Pitstop", "MK64Pitstop.csproj", "{296A38B1-BCF0-403C-B57D-D1A44F9BD7E7}"
EndProject
Project("{FAE04EC0-301F-11D3-BF4B-00C04F79EFBC}") = "Common", "..\Cereal64\Common\Common.csproj", "{B6A46BAF-D012-40F7-8213-EE361B1BC75E}"
EndProject
Project("{FAE04EC0-301F-11D3-BF4B-00C04F79EFBC}") = "Microcodes", "..\Cereal64\Microcodes\Microcodes.csproj", "{F4DBB616-9F71-4593-AD2C-4BBE38561AF1}"
EndProject
Project("{FAE04EC0-301F-11D3-BF4B-00C04F79EFBC}") = "VisObj64", "..\Cereal64\VisObj64\VisObj64.csproj", "{E523D0E4-0133-4A52-B143-7DB3C2653A63}"
EndProject
Global
	GlobalSection(SolutionConfigurationPlatforms) = preSolution
		Debug|Any CPU = Debug|Any CPU
		Debug|Mixed Platforms = Debug|Mixed Platforms
		Debug|x86 = Debug|x86
		Release|Any CPU = Release|Any CPU
		Release|Mixed Platforms = Release|Mixed Platforms
		Release|x86 = Release|x86
	EndGlobalSection
	GlobalSection(ProjectConfigurationPlatforms) = postSolution
		{296A38B1-BCF0-403C-B57D-D1A44F9BD7E7}.Debug|Any CPU.ActiveCfg = Debug|x86
		{296A38B1-BCF0-403C-B57D-D1A44F9BD7E7}.Debug|Mixed Platforms.ActiveCfg = Debug|x86
		{296A38B1-BCF0-403C-B57D-D1A44F9BD7E7}.Debug|Mixed Platforms.Build.0 = Debug|x86
		{296A38B1-BCF0-403C-B57D-D1A44F9BD7E7}.Debug|x86.ActiveCfg = Debug|x86
		{296A38B1-BCF0-403C-B57D-D1A44F9BD7E7}.Debug|x86.Build.0 = Debug|x86
		{296A38B1-BCF0-403C-B57D-D1A44F9BD7E7}.Release|Any CPU.ActiveCfg = Release|x86
		{296A38B1-BCF0-403C-B57D-D1A44F9BD7E7}.Release|Mixed Platforms.ActiveCfg = Release|x86
		{296A38B1-BCF0-403C-B57D-D1A44F9BD7E7}.Release|Mixed Platforms.Build.0 = Release|x86
		{296A38B1-BCF0-403C-B57D-D1A44F9BD7E7}.Release|x86.ActiveCfg = Release|x86
		{296A38B1-BCF0-403C-B57D-D1A44F9BD7E7}.Release|x86.Build.0 = Release|x86
		{B6A46BAF-D012-40F7-8213-EE361B1BC75E}.Debug|Any CPU.ActiveCfg = Debug|Any CPU
		{B6A46BAF-D012-40F7-8213-EE361B1BC75E}.Debug|Any CPU.Build.0 = Debug|Any CPU
		{B6A46BAF-D012-40F7-8213-EE361B1BC75E}.Debug|Mixed Platforms.ActiveCfg = Debug|Any CPU
		{B6A46BAF-D012-40F7-8213-EE361B1BC75E}.Debug|Mixed Platforms.Build.0 = Debug|Any CPU
		{B6A46BAF-D012-40F7-8213-EE361B1BC75E}.Debug|x86.ActiveCfg = Debug|Any CPU
		{B6A46BAF-D012-40F7-8213-EE361B1BC75E}.Release|Any CPU.ActiveCfg = Release|Any CPU
		{B6A46BAF-D012-40F7-8213-EE361B1BC75E}.Release|Any CPU.Build.0 = Release|Any CPU
		{B6A46BAF-D012-40F7-8213-EE361B1BC75E}.Release|Mixed Platforms.ActiveCfg = Release|Any CPU
		{B6A46BAF-D012-40F7-8213-EE361B1BC75E}.Release|Mixed Platforms.Build.0 = Release|Any CPU
		{B6A46BAF-D012-40F7-8213-EE361B1BC75E}.Release|x86.ActiveCfg = Release|Any CPU
		{F4DBB616-9F71-4593-AD2C-4BBE38561AF1}.Debug|Any CPU.ActiveCfg = Debug|Any CPU
		{F4DBB616-9F71-4593-AD2C-4BBE38561AF1}.Debug|Any CPU.Build.0 = Debug|Any CPU
		{F4DBB616-9F71-4593-AD2C-4BBE38561AF1}.Debug|Mixed Platforms.ActiveCfg = Debug|Any CPU
		{F4DBB616-9F71-4593-AD2C-4BBE38561AF1}.Debug|Mixed Platforms.Build.0 = Debug|Any CPU
		{F4DBB616-9F71-4593-AD2C-4BBE38561AF1}.Debug|x86.ActiveCfg = Debug|Any CPU
		{F4DBB616-9F71-4593-AD2C-4BBE38561AF1}.Release|Any CPU.ActiveCfg = Release|Any CPU
		{F4DBB616-9F71-4593-AD2C-4BBE38561AF1}.Release|Any CPU.Build.0 = Release|Any CPU
		{F4DBB616-9F71-4593-AD2C-4BBE38561AF1}.Release|Mixed Platforms.ActiveCfg = Release|Any CPU
		{F4DBB616-9F71-4593-AD2C-4BBE38561AF1}.Release|Mixed Platforms.Build.0 = Release|Any CPU
		{F4DBB616-9F71-4593-AD2C-4BBE38561AF1}.Release|x86.ActiveCfg = Release|Any CPU
		{E523D0E4-0133-4A52-B143-7DB3C2653A63}.Debug|Any CPU.ActiveCfg = Debug|Any CPU
		{E523D0E4-0133-4A52-B143-7DB3C2653A63}.Debug|Any CPU.Build.0 = Debug|Any CPU
		{E523D0E4-0133-4A52-B143-7DB3C2653A63}.Debug|Mixed Platforms.ActiveCfg = Debug|Any CPU
		{E523D0E4-0133-4A52-B143-7DB3C2653A63}.Debug|Mixed Platforms.Build.0 = Debug|Any CPU
		{E523D0E4-0133-4A52-B143-7DB3C2653A63}.Debug|x86.ActiveCfg = Debug|Any CPU
		{E523D0E4-0133-4A52-B143-7DB3C2653A63}.Release|Any CPU.ActiveCfg = Release|Any CPU
		{E523D0E4-0133-4A52-B143-7DB3C2653A63}.Release|Any CPU.Build.0 = Release|Any CPU
		{E523D0E4-0133-4A52-B143-7DB3C2653A63}.Release|Mixed Platforms.ActiveCfg = Release|Any CPU
		{E523D0E4-0133-4A52-B143-7DB3C2653A63}.Release|Mixed Platforms.Build.0 = Release|Any CPU
		{E523D0E4-0133-4A52-B143-7DB3C2653A63}.Release|x86.ActiveCfg = Release|Any CPU
	EndGlobalSection
	GlobalSection(SolutionProperties) = preSolution
		HideSolutionNode = FALSE
	EndGlobalSection
EndGlobal
